
Microsoft Visual Studio Solution File, Format Version 12.00
# Visual Studio Version 16
VisualStudioVersion = 16.0.31911.196
MinimumVisualStudioVersion = 10.0.40219.1
Project("{FAE04EC0-301F-11D3-BF4B-00C04F79EFBC}") = "InAndOut", "InAndOut\InAndOut.csproj", "{DB48A1AC-D8EC-493E-8396-C6E96E44099C}"
EndProject
Global
	GlobalSection(SolutionConfigurationPlatforms) = preSolution
		Debug|Any CPU = Debug|Any CPU
		Release|Any CPU = Release|Any CPU
	EndGlobalSection
	GlobalSection(ProjectConfigurationPlatforms) = postSolution
		{DB48A1AC-D8EC-493E-8396-C6E96E44099C}.Debug|Any CPU.ActiveCfg = Debug|Any CPU
		{DB48A1AC-D8EC-493E-8396-C6E96E44099C}.Debug|Any CPU.Build.0 = Debug|Any CPU
		{DB48A1AC-D8EC-493E-8396-C6E96E44099C}.Release|Any CPU.ActiveCfg = Release|Any CPU
		{DB48A1AC-D8EC-493E-8396-C6E96E44099C}.Release|Any CPU.Build.0 = Release|Any CPU
	EndGlobalSection
	GlobalSection(SolutionProperties) = preSolution
		HideSolutionNode = FALSE
	EndGlobalSection
	GlobalSection(ExtensibilityGlobals) = postSolution
		SolutionGuid = {8A631D61-2266-4A61-892F-FD49C0FD895F}
	EndGlobalSection
EndGlobal
