
Microsoft Visual Studio Solution File, Format Version 12.00
# Visual Studio Version 16
VisualStudioVersion = 16.0.29806.167
MinimumVisualStudioVersion = 10.0.40219.1
Project("{FAE04EC0-301F-11D3-BF4B-00C04F79EFBC}") = "AdityaCollege", "AdityaCollege\AdityaCollege.csproj", "{5059D77A-B82B-4C77-AB5C-78DC66F105D8}"
EndProject
Global
	GlobalSection(SolutionConfigurationPlatforms) = preSolution
		Debug|Any CPU = Debug|Any CPU
		Release|Any CPU = Release|Any CPU
	EndGlobalSection
	GlobalSection(ProjectConfigurationPlatforms) = postSolution
		{5059D77A-B82B-4C77-AB5C-78DC66F105D8}.Debug|Any CPU.ActiveCfg = Debug|Any CPU
		{5059D77A-B82B-4C77-AB5C-78DC66F105D8}.Debug|Any CPU.Build.0 = Debug|Any CPU
		{5059D77A-B82B-4C77-AB5C-78DC66F105D8}.Release|Any CPU.ActiveCfg = Release|Any CPU
		{5059D77A-B82B-4C77-AB5C-78DC66F105D8}.Release|Any CPU.Build.0 = Release|Any CPU
	EndGlobalSection
	GlobalSection(SolutionProperties) = preSolution
		HideSolutionNode = FALSE
	EndGlobalSection
	GlobalSection(ExtensibilityGlobals) = postSolution
		SolutionGuid = {FA6A94F8-F86C-46DF-A30F-2CB72C3E71CE}
	EndGlobalSection
EndGlobal
